
Microsoft Visual Studio Solution File, Format Version 12.00
# Visual Studio Version 16
VisualStudioVersion = 16.0.30225.117
MinimumVisualStudioVersion = 10.0.40219.1
Project("{FAE04EC0-301F-11D3-BF4B-00C04F79EFBC}") = "Day2", "Day2\Day2.csproj", "{B00423AA-A54A-45FD-9669-DEEB43C8738E}"
EndProject
Global
	GlobalSection(SolutionConfigurationPlatforms) = preSolution
		Debug|Any CPU = Debug|Any CPU
		Release|Any CPU = Release|Any CPU
	EndGlobalSection
	GlobalSection(ProjectConfigurationPlatforms) = postSolution
		{B00423AA-A54A-45FD-9669-DEEB43C8738E}.Debug|Any CPU.ActiveCfg = Debug|Any CPU
		{B00423AA-A54A-45FD-9669-DEEB43C8738E}.Debug|Any CPU.Build.0 = Debug|Any CPU
		{B00423AA-A54A-45FD-9669-DEEB43C8738E}.Release|Any CPU.ActiveCfg = Release|Any CPU
		{B00423AA-A54A-45FD-9669-DEEB43C8738E}.Release|Any CPU.Build.0 = Release|Any CPU
	EndGlobalSection
	GlobalSection(SolutionProperties) = preSolution
		HideSolutionNode = FALSE
	EndGlobalSection
	GlobalSection(ExtensibilityGlobals) = postSolution
		SolutionGuid = {580E4C96-6D80-4FE8-991A-6103969EDC1D}
	EndGlobalSection
EndGlobal
